
Microsoft Visual Studio Solution File, Format Version 12.00
# Visual Studio Version 17
VisualStudioVersion = 17.14.36518.9 d17.14
MinimumVisualStudioVersion = 10.0.40219.1
Project("{FAE04EC0-301F-11D3-BF4B-00C04F79EFBC}") = "testing-repo", "testing-repo.csproj", "{18DC49E9-F6CE-466C-B9BC-80135FB9F471}"
EndProject
Global
	GlobalSection(SolutionConfigurationPlatforms) = preSolution
		Debug|Any CPU = Debug|Any CPU
		Release|Any CPU = Release|Any CPU
	EndGlobalSection
	GlobalSection(ProjectConfigurationPlatforms) = postSolution
		{18DC49E9-F6CE-466C-B9BC-80135FB9F471}.Debug|Any CPU.ActiveCfg = Debug|Any CPU
		{18DC49E9-F6CE-466C-B9BC-80135FB9F471}.Debug|Any CPU.Build.0 = Debug|Any CPU
		{18DC49E9-F6CE-466C-B9BC-80135FB9F471}.Release|Any CPU.ActiveCfg = Release|Any CPU
		{18DC49E9-F6CE-466C-B9BC-80135FB9F471}.Release|Any CPU.Build.0 = Release|Any CPU
	EndGlobalSection
	GlobalSection(SolutionProperties) = preSolution
		HideSolutionNode = FALSE
	EndGlobalSection
	GlobalSection(ExtensibilityGlobals) = postSolution
		SolutionGuid = {494F6E07-1CEE-439D-A461-4A9F58617DAC}
	EndGlobalSection
EndGlobal
